
Microsoft Visual Studio Solution File, Format Version 12.00
# Visual Studio Version 17
VisualStudioVersion = 17.6.33829.357
MinimumVisualStudioVersion = 10.0.40219.1
Project("{FAE04EC0-301F-11D3-BF4B-00C04F79EFBC}") = "TgBotLab", "TgBotLab\TgBotLab.csproj", "{F5E87B54-338C-42A4-B6A6-CBE42C7F2239}"
EndProject
Global
	GlobalSection(SolutionConfigurationPlatforms) = preSolution
		Debug|Any CPU = Debug|Any CPU
		Release|Any CPU = Release|Any CPU
	EndGlobalSection
	GlobalSection(ProjectConfigurationPlatforms) = postSolution
		{F5E87B54-338C-42A4-B6A6-CBE42C7F2239}.Debug|Any CPU.ActiveCfg = Debug|Any CPU
		{F5E87B54-338C-42A4-B6A6-CBE42C7F2239}.Debug|Any CPU.Build.0 = Debug|Any CPU
		{F5E87B54-338C-42A4-B6A6-CBE42C7F2239}.Release|Any CPU.ActiveCfg = Release|Any CPU
		{F5E87B54-338C-42A4-B6A6-CBE42C7F2239}.Release|Any CPU.Build.0 = Release|Any CPU
	EndGlobalSection
	GlobalSection(SolutionProperties) = preSolution
		HideSolutionNode = FALSE
	EndGlobalSection
	GlobalSection(ExtensibilityGlobals) = postSolution
		SolutionGuid = {8C89F9F8-E532-4A1F-B5EF-C0523079EC96}
	EndGlobalSection
EndGlobal
